<?xml version="1.0" encoding="utf-8"?>
<Project ToolsVersion="4.0" xmlns="http://schemas.microsoft.com/developer/msbuild/2003">
  <ItemGroup>
    <Filter Include="Resource Files">
      <UniqueIdentifier>{67DA6AB6-F800-4c08-8B7A-83BB121AAD01}</UniqueIdentifier>
      <Extensions>rc;ico;cur;bmp;dlg;rc2;rct;bin;rgs;gif;jpg;jpeg;jpe;resx;tiff;tif;png;wav;mfcribbon-ms</Extensions>
    </Filter>
    <Filter Include="Resource Files\Shaders">
      <UniqueIdentifier>{a7ffa985-40f1-492c-85aa-5c3f1e35fbf0}</UniqueIdentifier>
    </Filter>
    <Filter Include="Resource Files\Shaders\postprocessing">
      <UniqueIdentifier>{ad5ffbf9-4136-4ce6-9f25-045b17e2dc2e}</UniqueIdentifier>
    </Filter>
    <Filter Include="Resource Files\Shaders\graphic">
      <UniqueIdentifier>{aa7d6ade-0f05-4bcc-8a81-adf7bb42f7e6}</UniqueIdentifier>
    </Filter>
    <Filter Include="Resource Files\Shaders\optimization">
      <UniqueIdentifier>{1a3c5adf-8264-4d7e-a413-c8dc4bb0881d}</UniqueIdentifier>
    </Filter>
    <Filter Include="Vulkan">
      <UniqueIdentifier>{42407054-b17a-4be1-825e-d356f39a0b59}</UniqueIdentifier>
    </Filter>
    <Filter Include="Vulkan\Greate">
      <UniqueIdentifier>{b5850e5b-e274-4054-9853-36a4b129a8bd}</UniqueIdentifier>
    </Filter>
  </ItemGroup>
  <ItemGroup>
    <ClCompile Include="vulkan\lve_descriptors.cpp">
      <Filter>Vulkan</Filter>
    </ClCompile>
    <ClCompile Include="vulkan\lve_device.cpp">
      <Filter>Vulkan</Filter>
    </ClCompile>
    <ClCompile Include="vulkan\lve_model.cpp">
      <Filter>Vulkan</Filter>
    </ClCompile>
    <ClCompile Include="vulkan\lve_pipeline.cpp">
      <Filter>Vulkan</Filter>
    </ClCompile>
    <ClCompile Include="vulkan\lve_renderer.cpp">
      <Filter>Vulkan</Filter>
    </ClCompile>
    <ClCompile Include="vulkan\lve_swap_chain.cpp">
      <Filter>Vulkan</Filter>
    </ClCompile>
    <ClCompile Include="vulkan\lve_texture.cpp">
      <Filter>Vulkan</Filter>
    </ClCompile>
    <ClCompile Include="vulkan\Material.cpp">
      <Filter>Vulkan</Filter>
    </ClCompile>
    <ClCompile Include="vulkan\first_app.cpp">
      <Filter>Vulkan</Filter>
    </ClCompile>
    <ClCompile Include="vulkan\lve_buffer.cpp">
      <Filter>Vulkan</Filter>
    </ClCompile>
    <ClCompile Include="vulkan\simple_render_system.cpp">
      <Filter>Vulkan</Filter>
    </ClCompile>
    <ClCompile Include="vulkan\lve_camera.cpp">
      <Filter>Vulkan\Greate</Filter>
    </ClCompile>
    <ClCompile Include="vulkan\lve_window.cpp">
      <Filter>Vulkan\Greate</Filter>
    </ClCompile>
    <ClCompile Include="vulkan\lve_game_object.cpp">
      <Filter>Vulkan</Filter>
    </ClCompile>
    <ClCompile Include="vulkan\ModelImporter.cpp">
      <Filter>Vulkan\Greate</Filter>
    </ClCompile>
    <ClCompile Include="Main.cpp">
      <Filter>Vulkan</Filter>
    </ClCompile>
    <ClCompile Include="stb.cpp">
      <Filter>Vulkan</Filter>
    </ClCompile>
    <ClCompile Include="vulkan\lve_gbuffer.cpp">
      <Filter>Vulkan</Filter>
    </ClCompile>
    <ClCompile Include="vulkan\deferred_lighting_system.cpp">
      <Filter>Vulkan</Filter>
    </ClCompile>
  </ItemGroup>
  <ItemGroup>
    <ClInclude Include="vulkan\lve_buffer.hpp">
      <Filter>Vulkan</Filter>
    </ClInclude>
    <ClInclude Include="vulkan\lve_descriptors.hpp">
      <Filter>Vulkan</Filter>
    </ClInclude>
    <ClInclude Include="vulkan\lve_device.hpp">
      <Filter>Vulkan</Filter>
    </ClInclude>
    <ClInclude Include="vulkan\lve_frame_info.hpp">
      <Filter>Vulkan</Filter>
    </ClInclude>
    <ClInclude Include="vulkan\lve_model.hpp">
      <Filter>Vulkan</Filter>
    </ClInclude>
    <ClInclude Include="vulkan\lve_pipeline.hpp">
      <Filter>Vulkan</Filter>
    </ClInclude>
    <ClInclude Include="vulkan\lve_renderer.hpp">
      <Filter>Vulkan</Filter>
    </ClInclude>
    <ClInclude Include="vulkan\lve_swap_chain.hpp">
      <Filter>Vulkan</Filter>
    </ClInclude>
    <ClInclude Include="vulkan\lve_texture.hpp">
      <Filter>Vulkan</Filter>
    </ClInclude>
    <ClInclude Include="vulkan\lve_utils.hpp">
      <Filter>Vulkan</Filter>
    </ClInclude>
    <ClInclude Include="vulkan\Material.hpp">
      <Filter>Vulkan</Filter>
    </ClInclude>
    <ClInclude Include="vulkan\first_app.hpp">
      <Filter>Vulkan</Filter>
    </ClInclude>
    <ClInclude Include="vulkan\simple_render_system.hpp">
      <Filter>Vulkan</Filter>
    </ClInclude>
    <ClInclude Include="vulkan\tiny_obj_loader.h">
      <Filter>Vulkan</Filter>
    </ClInclude>
    <ClInclude Include="vulkan\lve_camera.hpp">
      <Filter>Vulkan\Greate</Filter>
    </ClInclude>
    <ClInclude Include="vulkan\lve_window.hpp">
      <Filter>Vulkan\Greate</Filter>
    </ClInclude>
    <ClInclude Include="vulkan\Components.h">
      <Filter>Vulkan\Greate</Filter>
    </ClInclude>
    <ClInclude Include="vulkan\lve_game_object.hpp">
      <Filter>Vulkan</Filter>
    </ClInclude>
    <ClInclude Include="vulkan\ModelImporter.h">
      <Filter>Vulkan\Greate</Filter>
    </ClInclude>
    <ClInclude Include="vulkan\Light.h">
      <Filter>Vulkan\Greate</Filter>
    </ClInclude>
    <ClInclude Include="vulkan\UI.h">
      <Filter>Vulkan</Filter>
    </ClInclude>
    <ClInclude Include="vulkan\lve_gbuffer.hpp">
      <Filter>Vulkan</Filter>
    </ClInclude>
    <ClInclude Include="vulkan\deferred_lighting_system.hpp">
      <Filter>Vulkan</Filter>
    </ClInclude>
  </ItemGroup>
  <ItemGroup>
    <None Include="framebuffer.vert">
      <Filter>Resource Files\Shaders\postprocessing</Filter>
    </None>
    <None Include="gbuffer.vert">
      <Filter>Resource Files\Shaders\graphic</Filter>
    </None>
    <None Include="shadowMap.frag">
      <Filter>Resource Files\Shaders\graphic</Filter>
    </None>
    <None Include="shadowMap.vert">
      <Filter>Resource Files\Shaders\graphic</Filter>
    </None>
    <None Include="sky.frag">
      <Filter>Resource Files\Shaders\graphic</Filter>
    </None>
    <None Include="sky.vert">
      <Filter>Resource Files\Shaders\graphic</Filter>
    </None>
    <None Include="cluster_grid.comp">
      <Filter>Resource Files\Shaders\optimization</Filter>
    </None>
    <None Include="combine.frag">
      <Filter>Resource Files\Shaders\optimization</Filter>
    </None>
    <None Include="culling.comp">
      <Filter>Resource Files\Shaders\optimization</Filter>
    </None>
    <None Include="hiz.comp">
      <Filter>Resource Files\Shaders\optimization</Filter>
    </None>
    <None Include="light_culling.comp">
      <Filter>Resource Files\Shaders\optimization</Filter>
    </None>
    <None Include="sharpen.frag">
      <Filter>Resource Files\Shaders\postprocessing</Filter>
    </None>
    <None Include="volumetric_accumulate.comp">
      <Filter>Resource Files\Shaders\postprocessing</Filter>
    </None>
    <None Include="volumetric_inject.comp">
      <Filter>Resource Files\Shaders\postprocessing</Filter>
    </None>
    <None Include="gbuffer.frag">
      <Filter>Resource Files\Shaders\graphic</Filter>
    </None>
    <None Include="lighting.comp">
      <Filter>Resource Files\Shaders\graphic</Filter>
    </None>
    <None Include="C:\Users\Marwinka\Desktop\voxel_mipmap.comp">
      <Filter>Resource Files\Shaders\postprocessing</Filter>
    </None>
    <None Include="bloom_threshold.comp">
      <Filter>Resource Files\Shaders\postprocessing</Filter>
    </None>
    <None Include="bloom_blur.comp">
      <Filter>Resource Files\Shaders\postprocessing</Filter>
    </None>
    <None Include="ssao.comp">
      <Filter>Resource Files\Shaders\postprocessing</Filter>
    </None>
    <None Include="ssao_blur.comp">
      <Filter>Resource Files\Shaders\postprocessing</Filter>
    </None>
    <None Include="sscs.comp">
      <Filter>Resource Files\Shaders\postprocessing</Filter>
    </None>
    <None Include="scene_color.comp">
      <Filter>Resource Files\Shaders\postprocessing</Filter>
    </None>
    <None Include="postprocess.comp">
      <Filter>Resource Files\Shaders\postprocessing</Filter>
    </None>
    <None Include="rtgi.comp">
      <Filter>Resource Files\Shaders\graphic</Filter>
    </None>
    <None Include="csm_culling.comp">
      <Filter>Resource Files\Shaders\optimization</Filter>
    </None>
    <None Include="ssr.comp">
      <Filter>Resource Files\Shaders\postprocessing</Filter>
    </None>
    <None Include="..\shaders\gbuffer.vert">
      <Filter>Resource Files</Filter>
    </None>
    <None Include="..\shaders\gbuffer.frag">
      <Filter>Resource Files</Filter>
    </None>
    <None Include="..\shaders\lighting.comp">
      <Filter>Resource Files</Filter>
    </None>
  </ItemGroup>
</Project>